// !$*UTF8*$!
{
	archiveVersion = 1;
	classes = {
	};
	objectVersion = 46;
	objects = {

/* Begin PBXBuildFile section */
		A44918C81EDE4BD70039523C /* SKNaveViewController.swift in Sources */ = {isa = PBXBuildFile; fileRef = A44918C71EDE4BD70039523C /* SKNaveViewController.swift */; };
		A44918CA1EDE58E80039523C /* 1.png in Resources */ = {isa = PBXBuildFile; fileRef = A44918C91EDE58E80039523C /* 1.png */; };
		A44918CD1EDEB7B40039523C /* 2.png in Resources */ = {isa = PBXBuildFile; fileRef = A44918CB1EDEB7B40039523C /* 2.png */; };
		A44918CE1EDEB7B40039523C /* 3.png in Resources */ = {isa = PBXBuildFile; fileRef = A44918CC1EDEB7B40039523C /* 3.png */; };
		A4F5E1501ED80963002D9D7E /* AppDelegate.swift in Sources */ = {isa = PBXBuildFile; fileRef = A4F5E14F1ED80963002D9D7E /* AppDelegate.swift */; };
		A4F5E1521ED80963002D9D7E /* ViewController.swift in Sources */ = {isa = PBXBuildFile; fileRef = A4F5E1511ED80963002D9D7E /* ViewController.swift */; };
		A4F5E1551ED80963002D9D7E /* Main.storyboard in Resources */ = {isa = PBXBuildFile; fileRef = A4F5E1531ED80963002D9D7E /* Main.storyboard */; };
		A4F5E1571ED80963002D9D7E /* Assets.xcassets in Resources */ = {isa = PBXBuildFile; fileRef = A4F5E1561ED80963002D9D7E /* Assets.xcassets */; };
		A4F5E15A1ED80963002D9D7E /* LaunchScreen.storyboard in Resources */ = {isa = PBXBuildFile; fileRef = A4F5E1581ED80963002D9D7E /* LaunchScreen.storyboard */; };
		A4F5E1651ED80964002D9D7E /* ______Tests.swift in Sources */ = {isa = PBXBuildFile; fileRef = A4F5E1641ED80964002D9D7E /* ______Tests.swift */; };
		A4F5E1701ED80964002D9D7E /* ______UITests.swift in Sources */ = {isa = PBXBuildFile; fileRef = A4F5E16F1ED80964002D9D7E /* ______UITests.swift */; };
		A4F5E17E1ED80B55002D9D7E /* pubInvoke.swift in Sources */ = {isa = PBXBuildFile; fileRef = A4F5E17D1ED80B55002D9D7E /* pubInvoke.swift */; };
/* End PBXBuildFile section */

/* Begin PBXContainerItemProxy section */
		A4F5E1611ED80964002D9D7E /* PBXContainerItemProxy */ = {
			isa = PBXContainerItemProxy;
			containerPortal = A4F5E1441ED80963002D9D7E /* Project object */;
			proxyType = 1;
			remoteGlobalIDString = A4F5E14B1ED80963002D9D7E;
			remoteInfo = "沉浸式导航栏";
		};
		A4F5E16C1ED80964002D9D7E /* PBXContainerItemProxy */ = {
			isa = PBXContainerItemProxy;
			containerPortal = A4F5E1441ED80963002D9D7E /* Project object */;
			proxyType = 1;
			remoteGlobalIDString = A4F5E14B1ED80963002D9D7E;
			remoteInfo = "沉浸式导航栏";
		};
/* End PBXContainerItemProxy section */

/* Begin PBXFileReference section */
		A44918C71EDE4BD70039523C /* SKNaveViewController.swift */ = {isa = PBXFileReference; fileEncoding = 4; lastKnownFileType = sourcecode.swift; path = SKNaveViewController.swift; sourceTree = "<group>"; };
		A44918C91EDE58E80039523C /* 1.png */ = {isa = PBXFileReference; lastKnownFileType = image.png; path = 1.png; sourceTree = "<group>"; };
		A44918CB1EDEB7B40039523C /* 2.png */ = {isa = PBXFileReference; lastKnownFileType = image.png; path = 2.png; sourceTree = "<group>"; };
		A44918CC1EDEB7B40039523C /* 3.png */ = {isa = PBXFileReference; lastKnownFileType = image.png; path = 3.png; sourceTree = "<group>"; };
		A4F5E14C1ED80963002D9D7E /* 沉浸式导航栏.app */ = {isa = PBXFileReference; explicitFileType = wrapper.application; includeInIndex = 0; path = "沉浸式导航栏.app"; sourceTree = BUILT_PRODUCTS_DIR; };
		A4F5E14F1ED80963002D9D7E /* AppDelegate.swift */ = {isa = PBXFileReference; lastKnownFileType = sourcecode.swift; path = AppDelegate.swift; sourceTree = "<group>"; };
		A4F5E1511ED80963002D9D7E /* ViewController.swift */ = {isa = PBXFileReference; lastKnownFileType = sourcecode.swift; path = ViewController.swift; sourceTree = "<group>"; };
		A4F5E1541ED80963002D9D7E /* Base */ = {isa = PBXFileReference; lastKnownFileType = file.storyboard; name = Base; path = Base.lproj/Main.storyboard; sourceTree = "<group>"; };
		A4F5E1561ED80963002D9D7E /* Assets.xcassets */ = {isa = PBXFileReference; lastKnownFileType = folder.assetcatalog; path = Assets.xcassets; sourceTree = "<group>"; };
		A4F5E1591ED80963002D9D7E /* Base */ = {isa = PBXFileReference; lastKnownFileType = file.storyboard; name = Base; path = Base.lproj/LaunchScreen.storyboard; sourceTree = "<group>"; };
		A4F5E15B1ED80963002D9D7E /* Info.plist */ = {isa = PBXFileReference; lastKnownFileType = text.plist.xml; path = Info.plist; sourceTree = "<group>"; };
		A4F5E1601ED80964002D9D7E /* 沉浸式导航栏Tests.xctest */ = {isa = PBXFileReference; explicitFileType = wrapper.cfbundle; includeInIndex = 0; path = "沉浸式导航栏Tests.xctest"; sourceTree = BUILT_PRODUCTS_DIR; };
		A4F5E1641ED80964002D9D7E /* ______Tests.swift */ = {isa = PBXFileReference; lastKnownFileType = sourcecode.swift; path = "______Tests.swift"; sourceTree = "<group>"; };
		A4F5E1661ED80964002D9D7E /* Info.plist */ = {isa = PBXFileReference; lastKnownFileType = text.plist.xml; path = Info.plist; sourceTree = "<group>"; };
		A4F5E16B1ED80964002D9D7E /* 沉浸式导航栏UITests.xctest */ = {isa = PBXFileReference; explicitFileType = wrapper.cfbundle; includeInIndex = 0; path = "沉浸式导航栏UITests.xctest"; sourceTree = BUILT_PRODUCTS_DIR; };
		A4F5E16F1ED80964002D9D7E /* ______UITests.swift */ = {isa = PBXFileReference; lastKnownFileType = sourcecode.swift; path = "______UITests.swift"; sourceTree = "<group>"; };
		A4F5E1711ED80964002D9D7E /* Info.plist */ = {isa = PBXFileReference; lastKnownFileType = text.plist.xml; path = Info.plist; sourceTree = "<group>"; };
		A4F5E17D1ED80B55002D9D7E /* pubInvoke.swift */ = {isa = PBXFileReference; fileEncoding = 4; lastKnownFileType = sourcecode.swift; path = pubInvoke.swift; sourceTree = "<group>"; };
/* End PBXFileReference section */

/* Begin PBXFrameworksBuildPhase section */
		A4F5E1491ED80963002D9D7E /* Frameworks */ = {
			isa = PBXFrameworksBuildPhase;
			buildActionMask = 2147483647;
			files = (
			);
			runOnlyForDeploymentPostprocessing = 0;
		};
		A4F5E15D1ED80964002D9D7E /* Frameworks */ = {
			isa = PBXFrameworksBuildPhase;
			buildActionMask = 2147483647;
			files = (
			);
			runOnlyForDeploymentPostprocessing = 0;
		};
		A4F5E1681ED80964002D9D7E /* Frameworks */ = {
			isa = PBXFrameworksBuildPhase;
			buildActionMask = 2147483647;
			files = (
			);
			runOnlyForDeploymentPostprocessing = 0;
		};
/* End PBXFrameworksBuildPhase section */

/* Begin PBXGroup section */
		A4F5E1431ED80963002D9D7E = {
			isa = PBXGroup;
			children = (
				A4F5E14E1ED80963002D9D7E /* 沉浸式导航栏 */,
				A4F5E1631ED80964002D9D7E /* 沉浸式导航栏Tests */,
				A4F5E16E1ED80964002D9D7E /* 沉浸式导航栏UITests */,
				A4F5E14D1ED80963002D9D7E /* Products */,
			);
			sourceTree = "<group>";
		};
		A4F5E14D1ED80963002D9D7E /* Products */ = {
			isa = PBXGroup;
			children = (
				A4F5E14C1ED80963002D9D7E /* 沉浸式导航栏.app */,
				A4F5E1601ED80964002D9D7E /* 沉浸式导航栏Tests.xctest */,
				A4F5E16B1ED80964002D9D7E /* 沉浸式导航栏UITests.xctest */,
			);
			name = Products;
			sourceTree = "<group>";
		};
		A4F5E14E1ED80963002D9D7E /* 沉浸式导航栏 */ = {
			isa = PBXGroup;
			children = (
				A44918C91EDE58E80039523C /* 1.png */,
				A44918CB1EDEB7B40039523C /* 2.png */,
				A44918CC1EDEB7B40039523C /* 3.png */,
				A4F5E17D1ED80B55002D9D7E /* pubInvoke.swift */,
				A4F5E14F1ED80963002D9D7E /* AppDelegate.swift */,
				A4F5E1511ED80963002D9D7E /* ViewController.swift */,
				A44918C71EDE4BD70039523C /* SKNaveViewController.swift */,
				A4F5E1531ED80963002D9D7E /* Main.storyboard */,
				A4F5E1561ED80963002D9D7E /* Assets.xcassets */,
				A4F5E1581ED80963002D9D7E /* LaunchScreen.storyboard */,
				A4F5E15B1ED80963002D9D7E /* Info.plist */,
			);
			path = "沉浸式导航栏";
			sourceTree = "<group>";
		};
		A4F5E1631ED80964002D9D7E /* 沉浸式导航栏Tests */ = {
			isa = PBXGroup;
			children = (
				A4F5E1641ED80964002D9D7E /* ______Tests.swift */,
				A4F5E1661ED80964002D9D7E /* Info.plist */,
			);
			path = "沉浸式导航栏Tests";
			sourceTree = "<group>";
		};
		A4F5E16E1ED80964002D9D7E /* 沉浸式导航栏UITests */ = {
			isa = PBXGroup;
			children = (
				A4F5E16F1ED80964002D9D7E /* ______UITests.swift */,
				A4F5E1711ED80964002D9D7E /* Info.plist */,
			);
			path = "沉浸式导航栏UITests";
			sourceTree = "<group>";
		};
/* End PBXGroup section */

/* Begin PBXNativeTarget section */
		A4F5E14B1ED80963002D9D7E /* 沉浸式导航栏 */ = {
			isa = PBXNativeTarget;
			buildConfigurationList = A4F5E1741ED80964002D9D7E /* Build configuration list for PBXNativeTarget "沉浸式导航栏" */;
			buildPhases = (
				A4F5E1481ED80963002D9D7E /* Sources */,
				A4F5E1491ED80963002D9D7E /* Frameworks */,
				A4F5E14A1ED80963002D9D7E /* Resources */,
			);
			buildRules = (
			);
			dependencies = (
			);
			name = "沉浸式导航栏";
			productName = "沉浸式导航栏";
			productReference = A4F5E14C1ED80963002D9D7E /* 沉浸式导航栏.app */;
			productType = "com.apple.product-type.application";
		};
		A4F5E15F1ED80964002D9D7E /* 沉浸式导航栏Tests */ = {
			isa = PBXNativeTarget;
			buildConfigurationList = A4F5E1771ED80964002D9D7E /* Build configuration list for PBXNativeTarget "沉浸式导航栏Tests" */;
			buildPhases = (
				A4F5E15C1ED80964002D9D7E /* Sources */,
				A4F5E15D1ED80964002D9D7E /* Frameworks */,
				A4F5E15E1ED80964002D9D7E /* Resources */,
			);
			buildRules = (
			);
			dependencies = (
				A4F5E1621ED80964002D9D7E /* PBXTargetDependency */,
			);
			name = "沉浸式导航栏Tests";
			productName = "沉浸式导航栏Tests";
			productReference = A4F5E1601ED80964002D9D7E /* 沉浸式导航栏Tests.xctest */;
			productType = "com.apple.product-type.bundle.unit-test";
		};
		A4F5E16A1ED80964002D9D7E /* 沉浸式导航栏UITests */ = {
			isa = PBXNativeTarget;
			buildConfigurationList = A4F5E17A1ED80964002D9D7E /* Build configuration list for PBXNativeTarget "沉浸式导航栏UITests" */;
			buildPhases = (
				A4F5E1671ED80964002D9D7E /* Sources */,
				A4F5E1681ED80964002D9D7E /* Frameworks */,
				A4F5E1691ED80964002D9D7E /* Resources */,
			);
			buildRules = (
			);
			dependencies = (
				A4F5E16D1ED80964002D9D7E /* PBXTargetDependency */,
			);
			name = "沉浸式导航栏UITests";
			productName = "沉浸式导航栏UITests";
			productReference = A4F5E16B1ED80964002D9D7E /* 沉浸式导航栏UITests.xctest */;
			productType = "com.apple.product-type.bundle.ui-testing";
		};
/* End PBXNativeTarget section */

/* Begin PBXProject section */
		A4F5E1441ED80963002D9D7E /* Project object */ = {
			isa = PBXProject;
			attributes = {
				LastSwiftUpdateCheck = 0830;
				LastUpgradeCheck = 0830;
				ORGANIZATIONNAME = XunLi;
				TargetAttributes = {
					A4F5E14B1ED80963002D9D7E = {
						CreatedOnToolsVersion = 8.3;
						DevelopmentTeam = 7DC4XMJV5E;
						ProvisioningStyle = Automatic;
					};
					A4F5E15F1ED80964002D9D7E = {
						CreatedOnToolsVersion = 8.3;
						DevelopmentTeam = 7DC4XMJV5E;
						ProvisioningStyle = Automatic;
						TestTargetID = A4F5E14B1ED80963002D9D7E;
					};
					A4F5E16A1ED80964002D9D7E = {
						CreatedOnToolsVersion = 8.3;
						DevelopmentTeam = 7DC4XMJV5E;
						ProvisioningStyle = Automatic;
						TestTargetID = A4F5E14B1ED80963002D9D7E;
					};
				};
			};
			buildConfigurationList = A4F5E1471ED80963002D9D7E /* Build configuration list for PBXProject "沉浸式导航栏" */;
			compatibilityVersion = "Xcode 3.2";
			developmentRegion = English;
			hasScannedForEncodings = 0;
			knownRegions = (
				en,
				Base,
			);
			mainGroup = A4F5E1431ED80963002D9D7E;
			productRefGroup = A4F5E14D1ED80963002D9D7E /* Products */;
			projectDirPath = "";
			projectRoot = "";
			targets = (
				A4F5E14B1ED80963002D9D7E /* 沉浸式导航栏 */,
				A4F5E15F1ED80964002D9D7E /* 沉浸式导航栏Tests */,
				A4F5E16A1ED80964002D9D7E /* 沉浸式导航栏UITests */,
			);
		};
/* End PBXProject section */

/* Begin PBXResourcesBuildPhase section */
		A4F5E14A1ED80963002D9D7E /* Resources */ = {
			isa = PBXResourcesBuildPhase;
			buildActionMask = 2147483647;
			files = (
				A4F5E15A1ED80963002D9D7E /* LaunchScreen.storyboard in Resources */,
				A44918CA1EDE58E80039523C /* 1.png in Resources */,
				A44918CD1EDEB7B40039523C /* 2.png in Resources */,
				A44918CE1EDEB7B40039523C /* 3.png in Resources */,
				A4F5E1571ED80963002D9D7E /* Assets.xcassets in Resources */,
				A4F5E1551ED80963002D9D7E /* Main.storyboard in Resources */,
			);
			runOnlyForDeploymentPostprocessing = 0;
		};
		A4F5E15E1ED80964002D9D7E /* Resources */ = {
			isa = PBXResourcesBuildPhase;
			buildActionMask = 2147483647;
			files = (
			);
			runOnlyForDeploymentPostprocessing = 0;
		};
		A4F5E1691ED80964002D9D7E /* Resources */ = {
			isa = PBXResourcesBuildPhase;
			buildActionMask = 2147483647;
			files = (
			);
			runOnlyForDeploymentPostprocessing = 0;
		};
/* End PBXResourcesBuildPhase section */

/* Begin PBXSourcesBuildPhase section */
		A4F5E1481ED80963002D9D7E /* Sources */ = {
			isa = PBXSourcesBuildPhase;
			buildActionMask = 2147483647;
			files = (
				A44918C81EDE4BD70039523C /* SKNaveViewController.swift in Sources */,
				A4F5E17E1ED80B55002D9D7E /* pubInvoke.swift in Sources */,
				A4F5E1521ED80963002D9D7E /* ViewController.swift in Sources */,
				A4F5E1501ED80963002D9D7E /* AppDelegate.swift in Sources */,
			);
			runOnlyForDeploymentPostprocessing = 0;
		};
		A4F5E15C1ED80964002D9D7E /* Sources */ = {
			isa = PBXSourcesBuildPhase;
			buildActionMask = 2147483647;
			files = (
				A4F5E1651ED80964002D9D7E /* ______Tests.swift in Sources */,
			);
			runOnlyForDeploymentPostprocessing = 0;
		};
		A4F5E1671ED80964002D9D7E /* Sources */ = {
			isa = PBXSourcesBuildPhase;
			buildActionMask = 2147483647;
			files = (
				A4F5E1701ED80964002D9D7E /* ______UITests.swift in Sources */,
			);
			runOnlyForDeploymentPostprocessing = 0;
		};
/* End PBXSourcesBuildPhase section */

/* Begin PBXTargetDependency section */
		A4F5E1621ED80964002D9D7E /* PBXTargetDependency */ = {
			isa = PBXTargetDependency;
			target = A4F5E14B1ED80963002D9D7E /* 沉浸式导航栏 */;
			targetProxy = A4F5E1611ED80964002D9D7E /* PBXContainerItemProxy */;
		};
		A4F5E16D1ED80964002D9D7E /* PBXTargetDependency */ = {
			isa = PBXTargetDependency;
			target = A4F5E14B1ED80963002D9D7E /* 沉浸式导航栏 */;
			targetProxy = A4F5E16C1ED80964002D9D7E /* PBXContainerItemProxy */;
		};
/* End PBXTargetDependency section */

/* Begin PBXVariantGroup section */
		A4F5E1531ED80963002D9D7E /* Main.storyboard */ = {
			isa = PBXVariantGroup;
			children = (
				A4F5E1541ED80963002D9D7E /* Base */,
			);
			name = Main.storyboard;
			sourceTree = "<group>";
		};
		A4F5E1581ED80963002D9D7E /* LaunchScreen.storyboard */ = {
			isa = PBXVariantGroup;
			children = (
				A4F5E1591ED80963002D9D7E /* Base */,
			);
			name = LaunchScreen.storyboard;
			sourceTree = "<group>";
		};
/* End PBXVariantGroup section */

/* Begin XCBuildConfiguration section */
		A4F5E1721ED80964002D9D7E /* Debug */ = {
			isa = XCBuildConfiguration;
			buildSettings = {
				ALWAYS_SEARCH_USER_PATHS = NO;
				CLANG_ANALYZER_NONNULL = YES;
				CLANG_ANALYZER_NUMBER_OBJECT_CONVERSION = YES_AGGRESSIVE;
				CLANG_CXX_LANGUAGE_STANDARD = "gnu++0x";
				CLANG_CXX_LIBRARY = "libc++";
				CLANG_ENABLE_MODULES = YES;
				CLANG_ENABLE_OBJC_ARC = YES;
				CLANG_WARN_BOOL_CONVERSION = YES;
				CLANG_WARN_CONSTANT_CONVERSION = YES;
				CLANG_WARN_DIRECT_OBJC_ISA_USAGE = YES_ERROR;
				CLANG_WARN_DOCUMENTATION_COMMENTS = YES;
				CLANG_WARN_EMPTY_BODY = YES;
				CLANG_WARN_ENUM_CONVERSION = YES;
				CLANG_WARN_INFINITE_RECURSION = YES;
				CLANG_WARN_INT_CONVERSION = YES;
				CLANG_WARN_OBJC_ROOT_CLASS = YES_ERROR;
				CLANG_WARN_SUSPICIOUS_MOVE = YES;
				CLANG_WARN_UNREACHABLE_CODE = YES;
				CLANG_WARN__DUPLICATE_METHOD_MATCH = YES;
				"CODE_SIGN_IDENTITY[sdk=iphoneos*]" = "iPhone Developer";
				COPY_PHASE_STRIP = NO;
				DEBUG_INFORMATION_FORMAT = dwarf;
				ENABLE_STRICT_OBJC_MSGSEND = YES;
				ENABLE_TESTABILITY = YES;
				GCC_C_LANGUAGE_STANDARD = gnu99;
				GCC_DYNAMIC_NO_PIC = NO;
				GCC_NO_COMMON_BLOCKS = YES;
				GCC_OPTIMIZATION_LEVEL = 0;
				GCC_PREPROCESSOR_DEFINITIONS = (
					"DEBUG=1",
					"$(inherited)",
				);
				GCC_WARN_64_TO_32_BIT_CONVERSION = YES;
				GCC_WARN_ABOUT_RETURN_TYPE = YES_ERROR;
				GCC_WARN_UNDECLARED_SELECTOR = YES;
				GCC_WARN_UNINITIALIZED_AUTOS = YES_AGGRESSIVE;
				GCC_WARN_UNUSED_FUNCTION = YES;
				GCC_WARN_UNUSED_VARIABLE = YES;
				IPHONEOS_DEPLOYMENT_TARGET = 10.3;
				MTL_ENABLE_DEBUG_INFO = YES;
				ONLY_ACTIVE_ARCH = YES;
				SDKROOT = iphoneos;
				SWIFT_ACTIVE_COMPILATION_CONDITIONS = DEBUG;
				SWIFT_OPTIMIZATION_LEVEL = "-Onone";
			};
			name = Debug;
		};
		A4F5E1731ED80964002D9D7E /* Release */ = {
			isa = XCBuildConfiguration;
			buildSettings = {
				ALWAYS_SEARCH_USER_PATHS = NO;
				CLANG_ANALYZER_NONNULL = YES;
				CLANG_ANALYZER_NUMBER_OBJECT_CONVERSION = YES_AGGRESSIVE;
				CLANG_CXX_LANGUAGE_STANDARD = "gnu++0x";
				CLANG_CXX_LIBRARY = "libc++";
				CLANG_ENABLE_MODULES = YES;
				CLANG_ENABLE_OBJC_ARC = YES;
				CLANG_WARN_BOOL_CONVERSION = YES;
				CLANG_WARN_CONSTANT_CONVERSION = YES;
				CLANG_WARN_DIRECT_OBJC_ISA_USAGE = YES_ERROR;
				CLANG_WARN_DOCUMENTATION_COMMENTS = YES;
				CLANG_WARN_EMPTY_BODY = YES;
				CLANG_WARN_ENUM_CONVERSION = YES;
				CLANG_WARN_INFINITE_RECURSION = YES;
				CLANG_WARN_INT_CONVERSION = YES;
				CLANG_WARN_OBJC_ROOT_CLASS = YES_ERROR;
				CLANG_WARN_SUSPICIOUS_MOVE = YES;
				CLANG_WARN_UNREACHABLE_CODE = YES;
				CLANG_WARN__DUPLICATE_METHOD_MATCH = YES;
				"CODE_SIGN_IDENTITY[sdk=iphoneos*]" = "iPhone Developer";
				COPY_PHASE_STRIP = NO;
				DEBUG_INFORMATION_FORMAT = "dwarf-with-dsym";
				ENABLE_NS_ASSERTIONS = NO;
				ENABLE_STRICT_OBJC_MSGSEND = YES;
				GCC_C_LANGUAGE_STANDARD = gnu99;
				GCC_NO_COMMON_BLOCKS = YES;
				GCC_WARN_64_TO_32_BIT_CONVERSION = YES;
				GCC_WARN_ABOUT_RETURN_TYPE = YES_ERROR;
				GCC_WARN_UNDECLARED_SELECTOR = YES;
				GCC_WARN_UNINITIALIZED_AUTOS = YES_AGGRESSIVE;
				GCC_WARN_UNUSED_FUNCTION = YES;
				GCC_WARN_UNUSED_VARIABLE = YES;
				IPHONEOS_DEPLOYMENT_TARGET = 10.3;
				MTL_ENABLE_DEBUG_INFO = NO;
				SDKROOT = iphoneos;
				SWIFT_OPTIMIZATION_LEVEL = "-Owholemodule";
				VALIDATE_PRODUCT = YES;
			};
			name = Release;
		};
		A4F5E1751ED80964002D9D7E /* Debug */ = {
			isa = XCBuildConfiguration;
			buildSettings = {
				ASSETCATALOG_COMPILER_APPICON_NAME = AppIcon;
				DEVELOPMENT_TEAM = 7DC4XMJV5E;
				INFOPLIST_FILE = "沉浸式导航栏/Info.plist";
				LD_RUNPATH_SEARCH_PATHS = "$(inherited) @executable_path/Frameworks";
				PRODUCT_BUNDLE_IDENTIFIER = alexander.navDemo;
				PRODUCT_NAME = "$(TARGET_NAME)";
				SWIFT_VERSION = 3.0;
			};
			name = Debug;
		};
		A4F5E1761ED80964002D9D7E /* Release */ = {
			isa = XCBuildConfiguration;
			buildSettings = {
				ASSETCATALOG_COMPILER_APPICON_NAME = AppIcon;
				DEVELOPMENT_TEAM = 7DC4XMJV5E;
				INFOPLIST_FILE = "沉浸式导航栏/Info.plist";
				LD_RUNPATH_SEARCH_PATHS = "$(inherited) @executable_path/Frameworks";
				PRODUCT_BUNDLE_IDENTIFIER = alexander.navDemo;
				PRODUCT_NAME = "$(TARGET_NAME)";
				SWIFT_VERSION = 3.0;
			};
			name = Release;
		};
		A4F5E1781ED80964002D9D7E /* Debug */ = {
			isa = XCBuildConfiguration;
			buildSettings = {
				ALWAYS_EMBED_SWIFT_STANDARD_LIBRARIES = YES;
				BUNDLE_LOADER = "$(TEST_HOST)";
				DEVELOPMENT_TEAM = 7DC4XMJV5E;
				INFOPLIST_FILE = "沉浸式导航栏Tests/Info.plist";
				LD_RUNPATH_SEARCH_PATHS = "$(inherited) @executable_path/Frameworks @loader_path/Frameworks";
				PRODUCT_BUNDLE_IDENTIFIER = "alexander.------Tests";
				PRODUCT_NAME = "$(TARGET_NAME)";
				SWIFT_VERSION = 3.0;
				TEST_HOST = "$(BUILT_PRODUCTS_DIR)/沉浸式导航栏.app/沉浸式导航栏";
			};
			name = Debug;
		};
		A4F5E1791ED80964002D9D7E /* Release */ = {
			isa = XCBuildConfiguration;
			buildSettings = {
				ALWAYS_EMBED_SWIFT_STANDARD_LIBRARIES = YES;
				BUNDLE_LOADER = "$(TEST_HOST)";
				DEVELOPMENT_TEAM = 7DC4XMJV5E;
				INFOPLIST_FILE = "沉浸式导航栏Tests/Info.plist";
				LD_RUNPATH_SEARCH_PATHS = "$(inherited) @executable_path/Frameworks @loader_path/Frameworks";
				PRODUCT_BUNDLE_IDENTIFIER = "alexander.------Tests";
				PRODUCT_NAME = "$(TARGET_NAME)";
				SWIFT_VERSION = 3.0;
				TEST_HOST = "$(BUILT_PRODUCTS_DIR)/沉浸式导航栏.app/沉浸式导航栏";
			};
			name = Release;
		};
		A4F5E17B1ED80964002D9D7E /* Debug */ = {
			isa = XCBuildConfiguration;
			buildSettings = {
				ALWAYS_EMBED_SWIFT_STANDARD_LIBRARIES = YES;
				DEVELOPMENT_TEAM = 7DC4XMJV5E;
				INFOPLIST_FILE = "沉浸式导航栏UITests/Info.plist";
				LD_RUNPATH_SEARCH_PATHS = "$(inherited) @executable_path/Frameworks @loader_path/Frameworks";
				PRODUCT_BUNDLE_IDENTIFIER = "alexander.------UITests";
				PRODUCT_NAME = "$(TARGET_NAME)";
				SWIFT_VERSION = 3.0;
				TEST_TARGET_NAME = "沉浸式导航栏";
			};
			name = Debug;
		};
		A4F5E17C1ED80964002D9D7E /* Release */ = {
			isa = XCBuildConfiguration;
			buildSettings = {
				ALWAYS_EMBED_SWIFT_STANDARD_LIBRARIES = YES;
				DEVELOPMENT_TEAM = 7DC4XMJV5E;
				INFOPLIST_FILE = "沉浸式导航栏UITests/Info.plist";
				LD_RUNPATH_SEARCH_PATHS = "$(inherited) @executable_path/Frameworks @loader_path/Frameworks";
				PRODUCT_BUNDLE_IDENTIFIER = "alexander.------UITests";
				PRODUCT_NAME = "$(TARGET_NAME)";
				SWIFT_VERSION = 3.0;
				TEST_TARGET_NAME = "沉浸式导航栏";
			};
			name = Release;
		};
/* End XCBuildConfiguration section */

/* Begin XCConfigurationList section */
		A4F5E1471ED80963002D9D7E /* Build configuration list for PBXProject "沉浸式导航栏" */ = {
			isa = XCConfigurationList;
			buildConfigurations = (
				A4F5E1721ED80964002D9D7E /* Debug */,
				A4F5E1731ED80964002D9D7E /* Release */,
			);
			defaultConfigurationIsVisible = 0;
			defaultConfigurationName = Release;
		};
		A4F5E1741ED80964002D9D7E /* Build configuration list for PBXNativeTarget "沉浸式导航栏" */ = {
			isa = XCConfigurationList;
			buildConfigurations = (
				A4F5E1751ED80964002D9D7E /* Debug */,
				A4F5E1761ED80964002D9D7E /* Release */,
			);
			defaultConfigurationIsVisible = 0;
			defaultConfigurationName = Release;
		};
		A4F5E1771ED80964002D9D7E /* Build configuration list for PBXNativeTarget "沉浸式导航栏Tests" */ = {
			isa = XCConfigurationList;
			buildConfigurations = (
				A4F5E1781ED80964002D9D7E /* Debug */,
				A4F5E1791ED80964002D9D7E /* Release */,
			);
			defaultConfigurationIsVisible = 0;
			defaultConfigurationName = Release;
		};
		A4F5E17A1ED80964002D9D7E /* Build configuration list for PBXNativeTarget "沉浸式导航栏UITests" */ = {
			isa = XCConfigurationList;
			buildConfigurations = (
				A4F5E17B1ED80964002D9D7E /* Debug */,
				A4F5E17C1ED80964002D9D7E /* Release */,
			);
			defaultConfigurationIsVisible = 0;
			defaultConfigurationName = Release;
		};
/* End XCConfigurationList section */
	};
	rootObject = A4F5E1441ED80963002D9D7E /* Project object */;
}
